{
  "name": "nocta-tags",
  "version": "1.0.0",
  "lockfileVersion": 3,
  "requires": true,
  "packages": {
    "": {
      "name": "nocta-tags",
      "version": "1.0.0",
      "license": "ISC",
      "dependencies": {
        "nocta": "^1.2.0"
      },
      "devDependencies": {
        "typescript": "^5.8.3"
      }
    },
    "node_modules/nocta": {
      "version": "1.2.0",
      "resolved": "https://registry.npmjs.org/nocta/-/nocta-1.2.0.tgz",
      "integrity": "sha512-YDfxjVSDjx+zbnkYffpuR8ZyU2dfG9UXm1aCpxW0W5kb3RNS+RDBRpQry212aLbyTMhBuu+Mz3jhRTzf0539/Q=="
    },
    "node_modules/typescript": {
      "version": "5.8.3",
      "resolved": "https://registry.npmjs.org/typescript/-/typescript-5.8.3.tgz",
      "integrity": "sha512-p1diW6TqL9L07nNxvRMM7hMMw4c5XOo/1ibL4aAIGmSAt9slTE1Xgw5KWuof2uTOvCg9BY7ZRi+GaF+7sfgPeQ==",
      "dev": true,
      "bin": {
        "tsc": "bin/tsc",
        "tsserver": "bin/tsserver"
      },
      "engines": {
        "node": ">=14.17"
      }
    }
  }
}
