{
  "name": "nocta-tags",
  "version": "1.0.1",
  "lockfileVersion": 3,
  "requires": true,
  "packages": {
    "": {
      "name": "nocta-tags",
      "version": "1.0.1",
      "license": "ISC",
      "dependencies": {
        "nocta": "1.3.0"
      },
      "devDependencies": {
        "typescript": "^5.8.3"
      }
    },
    "node_modules/nocta": {
      "version": "1.3.0",
      "resolved": "https://registry.npmjs.org/nocta/-/nocta-1.3.0.tgz",
      "integrity": "sha512-AAcNSDRD+nOkEeiPApwInE+Bz7eTY4QhvopkbLxQmVqYOJgO3X+TQcDzrIkqqYrW12PeZQcwmlACUwzwqnOraQ=="
    },
    "node_modules/typescript": {
      "version": "5.8.3",
      "resolved": "https://registry.npmjs.org/typescript/-/typescript-5.8.3.tgz",
      "integrity": "sha512-p1diW6TqL9L07nNxvRMM7hMMw4c5XOo/1ibL4aAIGmSAt9slTE1Xgw5KWuof2uTOvCg9BY7ZRi+GaF+7sfgPeQ==",
      "dev": true,
      "bin": {
        "tsc": "bin/tsc",
        "tsserver": "bin/tsserver"
      },
      "engines": {
        "node": ">=14.17"
      }
    }
  }
}
